Microsoft Visual Studio Solution File, Format Version 12.00
# Visual Studio Version 17
VisualStudioVersion = 17.14.36310.24
MinimumVisualStudioVersion = 10.0.40219.1
Project("{BC8A1FFA-BEE3-4634-8014-F334798102B3}") = "OctoPaint.Core", "src\OctoPaint.Core\OctoPaint.Core.vcxproj", "{6CBA5B82-9CE0-4E11-B4BC-F22235E23168}"
EndProject
Project("{BC8A1FFA-BEE3-4634-8014-F334798102B3}") = "OctoPaint.Application", "src\OctoPaint.Application\OctoPaint.Application.vcxproj", "{C4B74C54-B6A0-4E6F-A255-486BD9E4D31E}"
EndProject
Project("{BC8A1FFA-BEE3-4634-8014-F334798102B3}") = "OctoPaint", "src\OctoPaint.WinUI\OctoPaint.vcxproj", "{070B8438-D847-48E5-9698-A8C838D226F8}"
EndProject
Project("{BC8A1FFA-BEE3-4634-8014-F334798102B3}") = "OctoPaint.Core.Tests", "tests\OctoPaint.Core.Tests\OctoPaint.Core.Tests.vcxproj", "{19735D50-050B-4B85-91F8-F4C9DDA0B7F8}"
EndProject
Project("{BC8A1FFA-BEE3-4634-8014-F334798102B3}") = "OctoPaint.Application.Tests", "tests\OctoPaint.Application.Tests\OctoPaint.Application.Tests.vcxproj", "{D1C097EE-43EB-4778-A153-7FDCE30BE721}"
EndProject
Project("{BC8A1FFA-BEE3-4634-8014-F334798102B3}") = "OctoPaint.Core.Domain.Tests", "tests\OctoPaint.Core.Domain.Tests\OctoPaint.Core.Domain.Tests.vcxproj", "{4B9C0734-2577-4A4B-B0E9-C4B5A0A5A69C}"
EndProject
Project("{BC8A1FFA-BEE3-4634-8014-F334798102B3}") = "OctoPaint.Tools.Tests", "tests\OctoPaint.Tools.Tests\OctoPaint.Tools.Tests.vcxproj", "{8F10B929-D2F0-4D06-A2AC-38A460074F0A}"
EndProject
Project("{BC8A1FFA-BEE3-4634-8014-F334798102B3}") = "OctoPaint.Application.Layer.Tests", "tests\OctoPaint.Application.Layer.Tests\OctoPaint.Application.Layer.Tests.vcxproj", "{BA622F47-9DB3-4B2B-9AB3-3356E3B47F22}"
EndProject
Project("{BC8A1FFA-BEE3-4634-8014-F334798102B3}") = "OctoPaint.Application.EditorState.Tests", "tests\OctoPaint.Application.EditorState.Tests\OctoPaint.Application.EditorState.Tests.vcxproj", "{F5439F94-D558-4DD1-A78A-C572E9D7259F}"
EndProject
Project("{BC8A1FFA-BEE3-4634-8014-F334798102B3}") = "OctoPaint.Application.Paint.Tests", "tests\OctoPaint.Application.Paint.Tests\OctoPaint.Application.Paint.Tests.vcxproj", "{4EC0C97E-E806-4C60-B902-00E36897E2B1}"
EndProject
Global
	GlobalSection(SolutionConfigurationPlatforms) = preSolution
		Debug|x64 = Debug|x64
		Release|x64 = Release|x64
	EndGlobalSection
	GlobalSection(ProjectConfigurationPlatforms) = postSolution
		{6CBA5B82-9CE0-4E11-B4BC-F22235E23168}.Debug|x64.ActiveCfg = Debug|x64
		{6CBA5B82-9CE0-4E11-B4BC-F22235E23168}.Debug|x64.Build.0 = Debug|x64
		{6CBA5B82-9CE0-4E11-B4BC-F22235E23168}.Release|x64.ActiveCfg = Release|x64
		{6CBA5B82-9CE0-4E11-B4BC-F22235E23168}.Release|x64.Build.0 = Release|x64
		{C4B74C54-B6A0-4E6F-A255-486BD9E4D31E}.Debug|x64.ActiveCfg = Debug|x64
		{C4B74C54-B6A0-4E6F-A255-486BD9E4D31E}.Debug|x64.Build.0 = Debug|x64
		{C4B74C54-B6A0-4E6F-A255-486BD9E4D31E}.Release|x64.ActiveCfg = Release|x64
		{C4B74C54-B6A0-4E6F-A255-486BD9E4D31E}.Release|x64.Build.0 = Release|x64
		{070B8438-D847-48E5-9698-A8C838D226F8}.Debug|x64.ActiveCfg = Debug|x64
		{070B8438-D847-48E5-9698-A8C838D226F8}.Debug|x64.Build.0 = Debug|x64
		{070B8438-D847-48E5-9698-A8C838D226F8}.Release|x64.ActiveCfg = Release|x64
		{070B8438-D847-48E5-9698-A8C838D226F8}.Release|x64.Build.0 = Release|x64
		{19735D50-050B-4B85-91F8-F4C9DDA0B7F8}.Debug|x64.ActiveCfg = Debug|x64
		{19735D50-050B-4B85-91F8-F4C9DDA0B7F8}.Debug|x64.Build.0 = Debug|x64
		{19735D50-050B-4B85-91F8-F4C9DDA0B7F8}.Release|x64.ActiveCfg = Release|x64
		{19735D50-050B-4B85-91F8-F4C9DDA0B7F8}.Release|x64.Build.0 = Release|x64
		{D1C097EE-43EB-4778-A153-7FDCE30BE721}.Debug|x64.ActiveCfg = Debug|x64
		{D1C097EE-43EB-4778-A153-7FDCE30BE721}.Debug|x64.Build.0 = Debug|x64
		{D1C097EE-43EB-4778-A153-7FDCE30BE721}.Release|x64.ActiveCfg = Release|x64
		{D1C097EE-43EB-4778-A153-7FDCE30BE721}.Release|x64.Build.0 = Release|x64
		{4B9C0734-2577-4A4B-B0E9-C4B5A0A5A69C}.Debug|x64.ActiveCfg = Debug|x64
		{4B9C0734-2577-4A4B-B0E9-C4B5A0A5A69C}.Debug|x64.Build.0 = Debug|x64
		{4B9C0734-2577-4A4B-B0E9-C4B5A0A5A69C}.Release|x64.ActiveCfg = Release|x64
		{4B9C0734-2577-4A4B-B0E9-C4B5A0A5A69C}.Release|x64.Build.0 = Release|x64
		{8F10B929-D2F0-4D06-A2AC-38A460074F0A}.Debug|x64.ActiveCfg = Debug|x64
		{8F10B929-D2F0-4D06-A2AC-38A460074F0A}.Debug|x64.Build.0 = Debug|x64
		{8F10B929-D2F0-4D06-A2AC-38A460074F0A}.Release|x64.ActiveCfg = Release|x64
		{8F10B929-D2F0-4D06-A2AC-38A460074F0A}.Release|x64.Build.0 = Release|x64
		{BA622F47-9DB3-4B2B-9AB3-3356E3B47F22}.Debug|x64.ActiveCfg = Debug|x64
		{BA622F47-9DB3-4B2B-9AB3-3356E3B47F22}.Debug|x64.Build.0 = Debug|x64
		{BA622F47-9DB3-4B2B-9AB3-3356E3B47F22}.Release|x64.ActiveCfg = Release|x64
		{BA622F47-9DB3-4B2B-9AB3-3356E3B47F22}.Release|x64.Build.0 = Release|x64
		{F5439F94-D558-4DD1-A78A-C572E9D7259F}.Debug|x64.ActiveCfg = Debug|x64
		{F5439F94-D558-4DD1-A78A-C572E9D7259F}.Debug|x64.Build.0 = Debug|x64
		{F5439F94-D558-4DD1-A78A-C572E9D7259F}.Release|x64.ActiveCfg = Release|x64
		{F5439F94-D558-4DD1-A78A-C572E9D7259F}.Release|x64.Build.0 = Release|x64
		{4EC0C97E-E806-4C60-B902-00E36897E2B1}.Debug|x64.ActiveCfg = Debug|x64
		{4EC0C97E-E806-4C60-B902-00E36897E2B1}.Debug|x64.Build.0 = Debug|x64
		{4EC0C97E-E806-4C60-B902-00E36897E2B1}.Release|x64.ActiveCfg = Release|x64
		{4EC0C97E-E806-4C60-B902-00E36897E2B1}.Release|x64.Build.0 = Release|x64
	EndGlobalSection
	GlobalSection(SolutionProperties) = preSolution
		HideSolutionNode = FALSE
	EndGlobalSection
EndGlobal
